
Microsoft Visual Studio Solution File, Format Version 12.00
# Visual Studio Version 16
VisualStudioVersion = 16.0.29806.167
MinimumVisualStudioVersion = 10.0.40219.1
Project("{FAE04EC0-301F-11D3-BF4B-00C04F79EFBC}") = "FinanceiroBasico", "FinanceiroBasico\FinanceiroBasico.csproj", "{14B2067A-0943-47BB-8C75-A158100149DB}"
EndProject
Global
	GlobalSection(SolutionConfigurationPlatforms) = preSolution
		Debug|Any CPU = Debug|Any CPU
		Release|Any CPU = Release|Any CPU
	EndGlobalSection
	GlobalSection(ProjectConfigurationPlatforms) = postSolution
		{14B2067A-0943-47BB-8C75-A158100149DB}.Debug|Any CPU.ActiveCfg = Debug|Any CPU
		{14B2067A-0943-47BB-8C75-A158100149DB}.Debug|Any CPU.Build.0 = Debug|Any CPU
		{14B2067A-0943-47BB-8C75-A158100149DB}.Release|Any CPU.ActiveCfg = Release|Any CPU
		{14B2067A-0943-47BB-8C75-A158100149DB}.Release|Any CPU.Build.0 = Release|Any CPU
	EndGlobalSection
	GlobalSection(SolutionProperties) = preSolution
		HideSolutionNode = FALSE
	EndGlobalSection
	GlobalSection(ExtensibilityGlobals) = postSolution
		SolutionGuid = {E1D7D86A-5287-4830-A57C-2331E78CE883}
	EndGlobalSection
EndGlobal
